// !$*UTF8*$!
{
	archiveVersion = 1;
	classes = {
	};
	objectVersion = 46;
	objects = {

/* Begin PBXBuildFile section */
		132176AE182E8A8300A372C2 /* loginController.m in Sources */ = {isa = PBXBuildFile; fileRef = 132176AD182E8A8300A372C2 /* loginController.m */; };
		1337C320182D20C9006420B1 /* Foundation.framework in Frameworks */ = {isa = PBXBuildFile; fileRef = 1337C31F182D20C9006420B1 /* Foundation.framework */; };
		1337C322182D20C9006420B1 /* CoreGraphics.framework in Frameworks */ = {isa = PBXBuildFile; fileRef = 1337C321182D20C9006420B1 /* CoreGraphics.framework */; };
		1337C324182D20C9006420B1 /* UIKit.framework in Frameworks */ = {isa = PBXBuildFile; fileRef = 1337C323182D20C9006420B1 /* UIKit.framework */; };
		1337C32A182D20C9006420B1 /* InfoPlist.strings in Resources */ = {isa = PBXBuildFile; fileRef = 1337C328182D20C9006420B1 /* InfoPlist.strings */; };
		1337C32C182D20C9006420B1 /* main.m in Sources */ = {isa = PBXBuildFile; fileRef = 1337C32B182D20C9006420B1 /* main.m */; };
		1337C330182D20C9006420B1 /* AppDelegate.m in Sources */ = {isa = PBXBuildFile; fileRef = 1337C32F182D20C9006420B1 /* AppDelegate.m */; };
		1337C333182D20C9006420B1 /* Main.storyboard in Resources */ = {isa = PBXBuildFile; fileRef = 1337C331182D20C9006420B1 /* Main.storyboard */; };
		1337C338182D20C9006420B1 /* Images.xcassets in Resources */ = {isa = PBXBuildFile; fileRef = 1337C337182D20C9006420B1 /* Images.xcassets */; };
		1337C33F182D20C9006420B1 /* XCTest.framework in Frameworks */ = {isa = PBXBuildFile; fileRef = 1337C33E182D20C9006420B1 /* XCTest.framework */; };
		1337C340182D20C9006420B1 /* Foundation.framework in Frameworks */ = {isa = PBXBuildFile; fileRef = 1337C31F182D20C9006420B1 /* Foundation.framework */; };
		1337C341182D20C9006420B1 /* UIKit.framework in Frameworks */ = {isa = PBXBuildFile; fileRef = 1337C323182D20C9006420B1 /* UIKit.framework */; };
		1337C349182D20C9006420B1 /* InfoPlist.strings in Resources */ = {isa = PBXBuildFile; fileRef = 1337C347182D20C9006420B1 /* InfoPlist.strings */; };
		1337C34B182D20C9006420B1 /* project_1Tests.m in Sources */ = {isa = PBXBuildFile; fileRef = 1337C34A182D20C9006420B1 /* project_1Tests.m */; };
		1337C356182D2335006420B1 /* TasksViewController.m in Sources */ = {isa = PBXBuildFile; fileRef = 1337C355182D2335006420B1 /* TasksViewController.m */; };
		13B589D71833AE2900AFD92D /* cell.xib in Resources */ = {isa = PBXBuildFile; fileRef = 13B589D61833AE2900AFD92D /* cell.xib */; };
		13B589DA1833AFCF00AFD92D /* Cellcontr.m in Sources */ = {isa = PBXBuildFile; fileRef = 13B589D91833AFCF00AFD92D /* Cellcontr.m */; };
		13B589DC1833B50E00AFD92D /* imgres.jpg in Resources */ = {isa = PBXBuildFile; fileRef = 13B589DB1833B50E00AFD92D /* imgres.jpg */; };
		13EB3AF71830BFDC00CAE199 /* OptionControllerViewController.m in Sources */ = {isa = PBXBuildFile; fileRef = 13EB3AF61830BFDC00CAE199 /* OptionControllerViewController.m */; };
/* End PBXBuildFile section */

/* Begin PBXContainerItemProxy section */
		1337C342182D20C9006420B1 /* PBXContainerItemProxy */ = {
			isa = PBXContainerItemProxy;
			containerPortal = 1337C314182D20C9006420B1 /* Project object */;
			proxyType = 1;
			remoteGlobalIDString = 1337C31B182D20C9006420B1;
			remoteInfo = "project#1";
		};
/* End PBXContainerItemProxy section */

/* Begin PBXFileReference section */
		132176AC182E8A8300A372C2 /* loginController.h */ = {isa = PBXFileReference; fileEncoding = 4; lastKnownFileType = sourcecode.c.h; name = loginController.h; path = ../loginController.h; sourceTree = "<group>"; };
		132176AD182E8A8300A372C2 /* loginController.m */ = {isa = PBXFileReference; fileEncoding = 4; lastKnownFileType = sourcecode.c.objc; name = loginController.m; path = ../loginController.m; sourceTree = "<group>"; };
		1337C31C182D20C9006420B1 /* project#1.app */ = {isa = PBXFileReference; explicitFileType = wrapper.application; includeInIndex = 0; path = "project#1.app"; sourceTree = BUILT_PRODUCTS_DIR; };
		1337C31F182D20C9006420B1 /* Foundation.framework */ = {isa = PBXFileReference; lastKnownFileType = wrapper.framework; name = Foundation.framework; path = System/Library/Frameworks/Foundation.framework; sourceTree = SDKROOT; };
		1337C321182D20C9006420B1 /* CoreGraphics.framework */ = {isa = PBXFileReference; lastKnownFileType = wrapper.framework; name = CoreGraphics.framework; path = System/Library/Frameworks/CoreGraphics.framework; sourceTree = SDKROOT; };
		1337C323182D20C9006420B1 /* UIKit.framework */ = {isa = PBXFileReference; lastKnownFileType = wrapper.framework; name = UIKit.framework; path = System/Library/Frameworks/UIKit.framework; sourceTree = SDKROOT; };
		1337C327182D20C9006420B1 /* project#1-Info.plist */ = {isa = PBXFileReference; lastKnownFileType = text.plist.xml; path = "project#1-Info.plist"; sourceTree = "<group>"; };
		1337C329182D20C9006420B1 /* en */ = {isa = PBXFileReference; lastKnownFileType = text.plist.strings; name = en; path = en.lproj/InfoPlist.strings; sourceTree = "<group>"; };
		1337C32B182D20C9006420B1 /* main.m */ = {isa = PBXFileReference; lastKnownFileType = sourcecode.c.objc; path = main.m; sourceTree = "<group>"; };
		1337C32D182D20C9006420B1 /* project#1-Prefix.pch */ = {isa = PBXFileReference; lastKnownFileType = sourcecode.c.h; path = "project#1-Prefix.pch"; sourceTree = "<group>"; };
		1337C32E182D20C9006420B1 /* AppDelegate.h */ = {isa = PBXFileReference; lastKnownFileType = sourcecode.c.h; path = AppDelegate.h; sourceTree = "<group>"; };
		1337C32F182D20C9006420B1 /* AppDelegate.m */ = {isa = PBXFileReference; lastKnownFileType = sourcecode.c.objc; path = AppDelegate.m; sourceTree = "<group>"; };
		1337C332182D20C9006420B1 /* Base */ = {isa = PBXFileReference; lastKnownFileType = file.storyboard; name = Base; path = Base.lproj/Main.storyboard; sourceTree = "<group>"; };
		1337C337182D20C9006420B1 /* Images.xcassets */ = {isa = PBXFileReference; lastKnownFileType = folder.assetcatalog; path = Images.xcassets; sourceTree = "<group>"; };
		1337C33D182D20C9006420B1 /* project#1Tests.xctest */ = {isa = PBXFileReference; explicitFileType = wrapper.cfbundle; includeInIndex = 0; path = "project#1Tests.xctest"; sourceTree = BUILT_PRODUCTS_DIR; };
		1337C33E182D20C9006420B1 /* XCTest.framework */ = {isa = PBXFileReference; lastKnownFileType = wrapper.framework; name = XCTest.framework; path = Library/Frameworks/XCTest.framework; sourceTree = DEVELOPER_DIR; };
		1337C346182D20C9006420B1 /* project#1Tests-Info.plist */ = {isa = PBXFileReference; lastKnownFileType = text.plist.xml; path = "project#1Tests-Info.plist"; sourceTree = "<group>"; };
		1337C348182D20C9006420B1 /* en */ = {isa = PBXFileReference; lastKnownFileType = text.plist.strings; name = en; path = en.lproj/InfoPlist.strings; sourceTree = "<group>"; };
		1337C34A182D20C9006420B1 /* project_1Tests.m */ = {isa = PBXFileReference; lastKnownFileType = sourcecode.c.objc; path = project_1Tests.m; sourceTree = "<group>"; };
		1337C354182D2335006420B1 /* TasksViewController.h */ = {isa = PBXFileReference; fileEncoding = 4; lastKnownFileType = sourcecode.c.h; path = TasksViewController.h; sourceTree = "<group>"; };
		1337C355182D2335006420B1 /* TasksViewController.m */ = {isa = PBXFileReference; fileEncoding = 4; lastKnownFileType = sourcecode.c.objc; path = TasksViewController.m; sourceTree = "<group>"; };
		13B589D61833AE2900AFD92D /* cell.xib */ = {isa = PBXFileReference; fileEncoding = 4; lastKnownFileType = file.xib; name = cell.xib; path = ../cell.xib; sourceTree = "<group>"; };
		13B589D81833AFCF00AFD92D /* Cellcontr.h */ = {isa = PBXFileReference; fileEncoding = 4; lastKnownFileType = sourcecode.c.h; name = Cellcontr.h; path = ../Cellcontr.h; sourceTree = "<group>"; };
		13B589D91833AFCF00AFD92D /* Cellcontr.m */ = {isa = PBXFileReference; fileEncoding = 4; lastKnownFileType = sourcecode.c.objc; name = Cellcontr.m; path = ../Cellcontr.m; sourceTree = "<group>"; };
		13B589DB1833B50E00AFD92D /* imgres.jpg */ = {isa = PBXFileReference; lastKnownFileType = image.jpeg; path = imgres.jpg; sourceTree = "<group>"; };
		13EB3AF51830BFDC00CAE199 /* OptionControllerViewController.h */ = {isa = PBXFileReference; fileEncoding = 4; lastKnownFileType = sourcecode.c.h; name = OptionControllerViewController.h; path = ../OptionControllerViewController.h; sourceTree = "<group>"; };
		13EB3AF61830BFDC00CAE199 /* OptionControllerViewController.m */ = {isa = PBXFileReference; fileEncoding = 4; lastKnownFileType = sourcecode.c.objc; name = OptionControllerViewController.m; path = ../OptionControllerViewController.m; sourceTree = "<group>"; };
/* End PBXFileReference section */

/* Begin PBXFrameworksBuildPhase section */
		1337C319182D20C9006420B1 /* Frameworks */ = {
			isa = PBXFrameworksBuildPhase;
			buildActionMask = 2147483647;
			files = (
				1337C322182D20C9006420B1 /* CoreGraphics.framework in Frameworks */,
				1337C324182D20C9006420B1 /* UIKit.framework in Frameworks */,
				1337C320182D20C9006420B1 /* Foundation.framework in Frameworks */,
			);
			runOnlyForDeploymentPostprocessing = 0;
		};
		1337C33A182D20C9006420B1 /* Frameworks */ = {
			isa = PBXFrameworksBuildPhase;
			buildActionMask = 2147483647;
			files = (
				1337C33F182D20C9006420B1 /* XCTest.framework in Frameworks */,
				1337C341182D20C9006420B1 /* UIKit.framework in Frameworks */,
				1337C340182D20C9006420B1 /* Foundation.framework in Frameworks */,
			);
			runOnlyForDeploymentPostprocessing = 0;
		};
/* End PBXFrameworksBuildPhase section */

/* Begin PBXGroup section */
		1337C313182D20C9006420B1 = {
			isa = PBXGroup;
			children = (
				1337C325182D20C9006420B1 /* project#1 */,
				1337C344182D20C9006420B1 /* project#1Tests */,
				1337C31E182D20C9006420B1 /* Frameworks */,
				1337C31D182D20C9006420B1 /* Products */,
			);
			sourceTree = "<group>";
		};
		1337C31D182D20C9006420B1 /* Products */ = {
			isa = PBXGroup;
			children = (
				1337C31C182D20C9006420B1 /* project#1.app */,
				1337C33D182D20C9006420B1 /* project#1Tests.xctest */,
			);
			name = Products;
			sourceTree = "<group>";
		};
		1337C31E182D20C9006420B1 /* Frameworks */ = {
			isa = PBXGroup;
			children = (
				1337C31F182D20C9006420B1 /* Foundation.framework */,
				1337C321182D20C9006420B1 /* CoreGraphics.framework */,
				1337C323182D20C9006420B1 /* UIKit.framework */,
				1337C33E182D20C9006420B1 /* XCTest.framework */,
			);
			name = Frameworks;
			sourceTree = "<group>";
		};
		1337C325182D20C9006420B1 /* project#1 */ = {
			isa = PBXGroup;
			children = (
				13B589D61833AE2900AFD92D /* cell.xib */,
				13B589D81833AFCF00AFD92D /* Cellcontr.h */,
				13B589D91833AFCF00AFD92D /* Cellcontr.m */,
				13B589DB1833B50E00AFD92D /* imgres.jpg */,
				132176AC182E8A8300A372C2 /* loginController.h */,
				132176AD182E8A8300A372C2 /* loginController.m */,
				1337C32E182D20C9006420B1 /* AppDelegate.h */,
				1337C32F182D20C9006420B1 /* AppDelegate.m */,
				1337C331182D20C9006420B1 /* Main.storyboard */,
				13EB3AF51830BFDC00CAE199 /* OptionControllerViewController.h */,
				13EB3AF61830BFDC00CAE199 /* OptionControllerViewController.m */,
				1337C354182D2335006420B1 /* TasksViewController.h */,
				1337C355182D2335006420B1 /* TasksViewController.m */,
				1337C337182D20C9006420B1 /* Images.xcassets */,
				1337C326182D20C9006420B1 /* Supporting Files */,
			);
			path = "project#1";
			sourceTree = "<group>";
		};
		1337C326182D20C9006420B1 /* Supporting Files */ = {
			isa = PBXGroup;
			children = (
				1337C327182D20C9006420B1 /* project#1-Info.plist */,
				1337C328182D20C9006420B1 /* InfoPlist.strings */,
				1337C32B182D20C9006420B1 /* main.m */,
				1337C32D182D20C9006420B1 /* project#1-Prefix.pch */,
			);
			name = "Supporting Files";
			sourceTree = "<group>";
		};
		1337C344182D20C9006420B1 /* project#1Tests */ = {
			isa = PBXGroup;
			children = (
				1337C34A182D20C9006420B1 /* project_1Tests.m */,
				1337C345182D20C9006420B1 /* Supporting Files */,
			);
			path = "project#1Tests";
			sourceTree = "<group>";
		};
		1337C345182D20C9006420B1 /* Supporting Files */ = {
			isa = PBXGroup;
			children = (
				1337C346182D20C9006420B1 /* project#1Tests-Info.plist */,
				1337C347182D20C9006420B1 /* InfoPlist.strings */,
			);
			name = "Supporting Files";
			sourceTree = "<group>";
		};
/* End PBXGroup section */

/* Begin PBXNativeTarget section */
		1337C31B182D20C9006420B1 /* project#1 */ = {
			isa = PBXNativeTarget;
			buildConfigurationList = 1337C34E182D20C9006420B1 /* Build configuration list for PBXNativeTarget "project#1" */;
			buildPhases = (
				1337C318182D20C9006420B1 /* Sources */,
				1337C319182D20C9006420B1 /* Frameworks */,
				1337C31A182D20C9006420B1 /* Resources */,
			);
			buildRules = (
			);
			dependencies = (
			);
			name = "project#1";
			productName = "project#1";
			productReference = 1337C31C182D20C9006420B1 /* project#1.app */;
			productType = "com.apple.product-type.application";
		};
		1337C33C182D20C9006420B1 /* project#1Tests */ = {
			isa = PBXNativeTarget;
			buildConfigurationList = 1337C351182D20C9006420B1 /* Build configuration list for PBXNativeTarget "project#1Tests" */;
			buildPhases = (
				1337C339182D20C9006420B1 /* Sources */,
				1337C33A182D20C9006420B1 /* Frameworks */,
				1337C33B182D20C9006420B1 /* Resources */,
			);
			buildRules = (
			);
			dependencies = (
				1337C343182D20C9006420B1 /* PBXTargetDependency */,
			);
			name = "project#1Tests";
			productName = "project#1Tests";
			productReference = 1337C33D182D20C9006420B1 /* project#1Tests.xctest */;
			productType = "com.apple.product-type.bundle.unit-test";
		};
/* End PBXNativeTarget section */

/* Begin PBXProject section */
		1337C314182D20C9006420B1 /* Project object */ = {
			isa = PBXProject;
			attributes = {
				LastUpgradeCheck = 0500;
				ORGANIZATIONNAME = "Зульфат Мифтахутдинов";
				TargetAttributes = {
					1337C33C182D20C9006420B1 = {
						TestTargetID = 1337C31B182D20C9006420B1;
					};
				};
			};
			buildConfigurationList = 1337C317182D20C9006420B1 /* Build configuration list for PBXProject "project#1" */;
			compatibilityVersion = "Xcode 3.2";
			developmentRegion = English;
			hasScannedForEncodings = 0;
			knownRegions = (
				en,
				Base,
			);
			mainGroup = 1337C313182D20C9006420B1;
			productRefGroup = 1337C31D182D20C9006420B1 /* Products */;
			projectDirPath = "";
			projectRoot = "";
			targets = (
				1337C31B182D20C9006420B1 /* project#1 */,
				1337C33C182D20C9006420B1 /* project#1Tests */,
			);
		};
/* End PBXProject section */

/* Begin PBXResourcesBuildPhase section */
		1337C31A182D20C9006420B1 /* Resources */ = {
			isa = PBXResourcesBuildPhase;
			buildActionMask = 2147483647;
			files = (
				1337C338182D20C9006420B1 /* Images.xcassets in Resources */,
				13B589DC1833B50E00AFD92D /* imgres.jpg in Resources */,
				13B589D71833AE2900AFD92D /* cell.xib in Resources */,
				1337C32A182D20C9006420B1 /* InfoPlist.strings in Resources */,
				1337C333182D20C9006420B1 /* Main.storyboard in Resources */,
			);
			runOnlyForDeploymentPostprocessing = 0;
		};
		1337C33B182D20C9006420B1 /* Resources */ = {
			isa = PBXResourcesBuildPhase;
			buildActionMask = 2147483647;
			files = (
				1337C349182D20C9006420B1 /* InfoPlist.strings in Resources */,
			);
			runOnlyForDeploymentPostprocessing = 0;
		};
/* End PBXResourcesBuildPhase section */

/* Begin PBXSourcesBuildPhase section */
		1337C318182D20C9006420B1 /* Sources */ = {
			isa = PBXSourcesBuildPhase;
			buildActionMask = 2147483647;
			files = (
				1337C356182D2335006420B1 /* TasksViewController.m in Sources */,
				132176AE182E8A8300A372C2 /* loginController.m in Sources */,
				13B589DA1833AFCF00AFD92D /* Cellcontr.m in Sources */,
				1337C330182D20C9006420B1 /* AppDelegate.m in Sources */,
				1337C32C182D20C9006420B1 /* main.m in Sources */,
				13EB3AF71830BFDC00CAE199 /* OptionControllerViewController.m in Sources */,
			);
			runOnlyForDeploymentPostprocessing = 0;
		};
		1337C339182D20C9006420B1 /* Sources */ = {
			isa = PBXSourcesBuildPhase;
			buildActionMask = 2147483647;
			files = (
				1337C34B182D20C9006420B1 /* project_1Tests.m in Sources */,
			);
			runOnlyForDeploymentPostprocessing = 0;
		};
/* End PBXSourcesBuildPhase section */

/* Begin PBXTargetDependency section */
		1337C343182D20C9006420B1 /* PBXTargetDependency */ = {
			isa = PBXTargetDependency;
			target = 1337C31B182D20C9006420B1 /* project#1 */;
			targetProxy = 1337C342182D20C9006420B1 /* PBXContainerItemProxy */;
		};
/* End PBXTargetDependency section */

/* Begin PBXVariantGroup section */
		1337C328182D20C9006420B1 /* InfoPlist.strings */ = {
			isa = PBXVariantGroup;
			children = (
				1337C329182D20C9006420B1 /* en */,
			);
			name = InfoPlist.strings;
			sourceTree = "<group>";
		};
		1337C331182D20C9006420B1 /* Main.storyboard */ = {
			isa = PBXVariantGroup;
			children = (
				1337C332182D20C9006420B1 /* Base */,
			);
			name = Main.storyboard;
			sourceTree = "<group>";
		};
		1337C347182D20C9006420B1 /* InfoPlist.strings */ = {
			isa = PBXVariantGroup;
			children = (
				1337C348182D20C9006420B1 /* en */,
			);
			name = InfoPlist.strings;
			sourceTree = "<group>";
		};
/* End PBXVariantGroup section */

/* Begin XCBuildConfiguration section */
		1337C34C182D20C9006420B1 /* Debug */ = {
			isa = XCBuildConfiguration;
			buildSettings = {
				ALWAYS_SEARCH_USER_PATHS = NO;
				ARCHS = "$(ARCHS_STANDARD_INCLUDING_64_BIT)";
				CLANG_CXX_LANGUAGE_STANDARD = "gnu++0x";
				CLANG_CXX_LIBRARY = "libc++";
				CLANG_ENABLE_MODULES = YES;
				CLANG_ENABLE_OBJC_ARC = YES;
				CLANG_WARN_BOOL_CONVERSION = YES;
				CLANG_WARN_CONSTANT_CONVERSION = YES;
				CLANG_WARN_DIRECT_OBJC_ISA_USAGE = YES_ERROR;
				CLANG_WARN_EMPTY_BODY = YES;
				CLANG_WARN_ENUM_CONVERSION = YES;
				CLANG_WARN_INT_CONVERSION = YES;
				CLANG_WARN_OBJC_ROOT_CLASS = YES_ERROR;
				CLANG_WARN__DUPLICATE_METHOD_MATCH = YES;
				"CODE_SIGN_IDENTITY[sdk=iphoneos*]" = "iPhone Developer";
				COPY_PHASE_STRIP = NO;
				GCC_C_LANGUAGE_STANDARD = gnu99;
				GCC_DYNAMIC_NO_PIC = NO;
				GCC_OPTIMIZATION_LEVEL = 0;
				GCC_PREPROCESSOR_DEFINITIONS = (
					"DEBUG=1",
					"$(inherited)",
				);
				GCC_SYMBOLS_PRIVATE_EXTERN = NO;
				GCC_WARN_64_TO_32_BIT_CONVERSION = YES;
				GCC_WARN_ABOUT_RETURN_TYPE = YES_ERROR;
				GCC_WARN_UNDECLARED_SELECTOR = YES;
				GCC_WARN_UNINITIALIZED_AUTOS = YES;
				GCC_WARN_UNUSED_FUNCTION = YES;
				GCC_WARN_UNUSED_VARIABLE = YES;
				IPHONEOS_DEPLOYMENT_TARGET = 7.0;
				ONLY_ACTIVE_ARCH = YES;
				SDKROOT = iphoneos;
			};
			name = Debug;
		};
		1337C34D182D20C9006420B1 /* Release */ = {
			isa = XCBuildConfiguration;
			buildSettings = {
				ALWAYS_SEARCH_USER_PATHS = NO;
				ARCHS = "$(ARCHS_STANDARD_INCLUDING_64_BIT)";
				CLANG_CXX_LANGUAGE_STANDARD = "gnu++0x";
				CLANG_CXX_LIBRARY = "libc++";
				CLANG_ENABLE_MODULES = YES;
				CLANG_ENABLE_OBJC_ARC = YES;
				CLANG_WARN_BOOL_CONVERSION = YES;
				CLANG_WARN_CONSTANT_CONVERSION = YES;
				CLANG_WARN_DIRECT_OBJC_ISA_USAGE = YES_ERROR;
				CLANG_WARN_EMPTY_BODY = YES;
				CLANG_WARN_ENUM_CONVERSION = YES;
				CLANG_WARN_INT_CONVERSION = YES;
				CLANG_WARN_OBJC_ROOT_CLASS = YES_ERROR;
				CLANG_WARN__DUPLICATE_METHOD_MATCH = YES;
				"CODE_SIGN_IDENTITY[sdk=iphoneos*]" = "iPhone Developer";
				COPY_PHASE_STRIP = YES;
				ENABLE_NS_ASSERTIONS = NO;
				GCC_C_LANGUAGE_STANDARD = gnu99;
				GCC_WARN_64_TO_32_BIT_CONVERSION = YES;
				GCC_WARN_ABOUT_RETURN_TYPE = YES_ERROR;
				GCC_WARN_UNDECLARED_SELECTOR = YES;
				GCC_WARN_UNINITIALIZED_AUTOS = YES;
				GCC_WARN_UNUSED_FUNCTION = YES;
				GCC_WARN_UNUSED_VARIABLE = YES;
				IPHONEOS_DEPLOYMENT_TARGET = 7.0;
				SDKROOT = iphoneos;
				VALIDATE_PRODUCT = YES;
			};
			name = Release;
		};
		1337C34F182D20C9006420B1 /* Debug */ = {
			isa = XCBuildConfiguration;
			buildSettings = {
				ASSETCATALOG_COMPILER_APPICON_NAME = AppIcon;
				ASSETCATALOG_COMPILER_LAUNCHIMAGE_NAME = LaunchImage;
				GCC_PRECOMPILE_PREFIX_HEADER = YES;
				GCC_PREFIX_HEADER = "project#1/project#1-Prefix.pch";
				INFOPLIST_FILE = "project#1/project#1-Info.plist";
				PRODUCT_NAME = "$(TARGET_NAME)";
				WRAPPER_EXTENSION = app;
			};
			name = Debug;
		};
		1337C350182D20C9006420B1 /* Release */ = {
			isa = XCBuildConfiguration;
			buildSettings = {
				ASSETCATALOG_COMPILER_APPICON_NAME = AppIcon;
				ASSETCATALOG_COMPILER_LAUNCHIMAGE_NAME = LaunchImage;
				GCC_PRECOMPILE_PREFIX_HEADER = YES;
				GCC_PREFIX_HEADER = "project#1/project#1-Prefix.pch";
				INFOPLIST_FILE = "project#1/project#1-Info.plist";
				PRODUCT_NAME = "$(TARGET_NAME)";
				WRAPPER_EXTENSION = app;
			};
			name = Release;
		};
		1337C352182D20C9006420B1 /* Debug */ = {
			isa = XCBuildConfiguration;
			buildSettings = {
				ARCHS = "$(ARCHS_STANDARD_INCLUDING_64_BIT)";
				BUNDLE_LOADER = "$(BUILT_PRODUCTS_DIR)/project#1.app/project#1";
				FRAMEWORK_SEARCH_PATHS = (
					"$(SDKROOT)/Developer/Library/Frameworks",
					"$(inherited)",
					"$(DEVELOPER_FRAMEWORKS_DIR)",
				);
				GCC_PRECOMPILE_PREFIX_HEADER = YES;
				GCC_PREFIX_HEADER = "project#1/project#1-Prefix.pch";
				GCC_PREPROCESSOR_DEFINITIONS = (
					"DEBUG=1",
					"$(inherited)",
				);
				INFOPLIST_FILE = "project#1Tests/project#1Tests-Info.plist";
				PRODUCT_NAME = "$(TARGET_NAME)";
				TEST_HOST = "$(BUNDLE_LOADER)";
				WRAPPER_EXTENSION = xctest;
			};
			name = Debug;
		};
		1337C353182D20C9006420B1 /* Release */ = {
			isa = XCBuildConfiguration;
			buildSettings = {
				ARCHS = "$(ARCHS_STANDARD_INCLUDING_64_BIT)";
				BUNDLE_LOADER = "$(BUILT_PRODUCTS_DIR)/project#1.app/project#1";
				FRAMEWORK_SEARCH_PATHS = (
					"$(SDKROOT)/Developer/Library/Frameworks",
					"$(inherited)",
					"$(DEVELOPER_FRAMEWORKS_DIR)",
				);
				GCC_PRECOMPILE_PREFIX_HEADER = YES;
				GCC_PREFIX_HEADER = "project#1/project#1-Prefix.pch";
				INFOPLIST_FILE = "project#1Tests/project#1Tests-Info.plist";
				PRODUCT_NAME = "$(TARGET_NAME)";
				TEST_HOST = "$(BUNDLE_LOADER)";
				WRAPPER_EXTENSION = xctest;
			};
			name = Release;
		};
/* End XCBuildConfiguration section */

/* Begin XCConfigurationList section */
		1337C317182D20C9006420B1 /* Build configuration list for PBXProject "project#1" */ = {
			isa = XCConfigurationList;
			buildConfigurations = (
				1337C34C182D20C9006420B1 /* Debug */,
				1337C34D182D20C9006420B1 /* Release */,
			);
			defaultConfigurationIsVisible = 0;
			defaultConfigurationName = Release;
		};
		1337C34E182D20C9006420B1 /* Build configuration list for PBXNativeTarget "project#1" */ = {
			isa = XCConfigurationList;
			buildConfigurations = (
				1337C34F182D20C9006420B1 /* Debug */,
				1337C350182D20C9006420B1 /* Release */,
			);
			defaultConfigurationIsVisible = 0;
			defaultConfigurationName = Release;
		};
		1337C351182D20C9006420B1 /* Build configuration list for PBXNativeTarget "project#1Tests" */ = {
			isa = XCConfigurationList;
			buildConfigurations = (
				1337C352182D20C9006420B1 /* Debug */,
				1337C353182D20C9006420B1 /* Release */,
			);
			defaultConfigurationIsVisible = 0;
			defaultConfigurationName = Release;
		};
/* End XCConfigurationList section */
	};
	rootObject = 1337C314182D20C9006420B1 /* Project object */;
}
